
Microsoft Visual Studio Solution File, Format Version 12.00
# Visual Studio Version 17
VisualStudioVersion = 17.6.33801.468
MinimumVisualStudioVersion = 10.0.40219.1
Project("{FAE04EC0-301F-11D3-BF4B-00C04F79EFBC}") = "CSharp16.06", "CSharp16.06\CSharp16.06.csproj", "{FE7332AE-16AD-42AE-9EE3-091552F5C91C}"
EndProject
Global
	GlobalSection(SolutionConfigurationPlatforms) = preSolution
		Debug|Any CPU = Debug|Any CPU
		Release|Any CPU = Release|Any CPU
	EndGlobalSection
	GlobalSection(ProjectConfigurationPlatforms) = postSolution
		{FE7332AE-16AD-42AE-9EE3-091552F5C91C}.Debug|Any CPU.ActiveCfg = Debug|Any CPU
		{FE7332AE-16AD-42AE-9EE3-091552F5C91C}.Debug|Any CPU.Build.0 = Debug|Any CPU
		{FE7332AE-16AD-42AE-9EE3-091552F5C91C}.Release|Any CPU.ActiveCfg = Release|Any CPU
		{FE7332AE-16AD-42AE-9EE3-091552F5C91C}.Release|Any CPU.Build.0 = Release|Any CPU
	EndGlobalSection
	GlobalSection(SolutionProperties) = preSolution
		HideSolutionNode = FALSE
	EndGlobalSection
	GlobalSection(ExtensibilityGlobals) = postSolution
		SolutionGuid = {BAE9AC48-7FBB-4828-88B1-D3A323735865}
	EndGlobalSection
EndGlobal
